// !$*UTF8*$!
{
	archiveVersion = 1;
	classes = {
	};
	objectVersion = 56;
	objects = {

/* Begin PBXBuildFile section */
		D9A1A7D52A4AB8C300A6EF2F /* AppDelegate.swift in Sources */ = {isa = PBXBuildFile; fileRef = D9A1A7D42A4AB8C300A6EF2F /* AppDelegate.swift */; };
		D9A1A7D72A4AB8C300A6EF2F /* SceneDelegate.swift in Sources */ = {isa = PBXBuildFile; fileRef = D9A1A7D62A4AB8C300A6EF2F /* SceneDelegate.swift */; };
		D9A1A7D92A4AB8C300A6EF2F /* ViewController.swift in Sources */ = {isa = PBXBuildFile; fileRef = D9A1A7D82A4AB8C300A6EF2F /* ViewController.swift */; };
		D9A1A7DC2A4AB8C300A6EF2F /* Main.storyboard in Resources */ = {isa = PBXBuildFile; fileRef = D9A1A7DA2A4AB8C300A6EF2F /* Main.storyboard */; };
		D9A1A7DF2A4AB8C300A6EF2F /* fontCustom.xcdatamodeld in Sources */ = {isa = PBXBuildFile; fileRef = D9A1A7DD2A4AB8C300A6EF2F /* fontCustom.xcdatamodeld */; };
		D9A1A7E12A4AB8C700A6EF2F /* Assets.xcassets in Resources */ = {isa = PBXBuildFile; fileRef = D9A1A7E02A4AB8C700A6EF2F /* Assets.xcassets */; };
		D9A1A7E42A4AB8C700A6EF2F /* LaunchScreen.storyboard in Resources */ = {isa = PBXBuildFile; fileRef = D9A1A7E22A4AB8C700A6EF2F /* LaunchScreen.storyboard */; };
		D9A1A7EF2A4AB8C800A6EF2F /* fontCustomTests.swift in Sources */ = {isa = PBXBuildFile; fileRef = D9A1A7EE2A4AB8C800A6EF2F /* fontCustomTests.swift */; };
		D9A1A7F92A4AB8C800A6EF2F /* fontCustomUITests.swift in Sources */ = {isa = PBXBuildFile; fileRef = D9A1A7F82A4AB8C800A6EF2F /* fontCustomUITests.swift */; };
		D9A1A7FB2A4AB8C800A6EF2F /* fontCustomUITestsLaunchTests.swift in Sources */ = {isa = PBXBuildFile; fileRef = D9A1A7FA2A4AB8C800A6EF2F /* fontCustomUITestsLaunchTests.swift */; };
/* End PBXBuildFile section */

/* Begin PBXContainerItemProxy section */
		D9A1A7EB2A4AB8C800A6EF2F /* PBXContainerItemProxy */ = {
			isa = PBXContainerItemProxy;
			containerPortal = D9A1A7C92A4AB8C300A6EF2F /* Project object */;
			proxyType = 1;
			remoteGlobalIDString = D9A1A7D02A4AB8C300A6EF2F;
			remoteInfo = fontCustom;
		};
		D9A1A7F52A4AB8C800A6EF2F /* PBXContainerItemProxy */ = {
			isa = PBXContainerItemProxy;
			containerPortal = D9A1A7C92A4AB8C300A6EF2F /* Project object */;
			proxyType = 1;
			remoteGlobalIDString = D9A1A7D02A4AB8C300A6EF2F;
			remoteInfo = fontCustom;
		};
/* End PBXContainerItemProxy section */

/* Begin PBXFileReference section */
		D9A1A7D12A4AB8C300A6EF2F /* fontCustom.app */ = {isa = PBXFileReference; explicitFileType = wrapper.application; includeInIndex = 0; path = fontCustom.app; sourceTree = BUILT_PRODUCTS_DIR; };
		D9A1A7D42A4AB8C300A6EF2F /* AppDelegate.swift */ = {isa = PBXFileReference; lastKnownFileType = sourcecode.swift; path = AppDelegate.swift; sourceTree = "<group>"; };
		D9A1A7D62A4AB8C300A6EF2F /* SceneDelegate.swift */ = {isa = PBXFileReference; lastKnownFileType = sourcecode.swift; path = SceneDelegate.swift; sourceTree = "<group>"; };
		D9A1A7D82A4AB8C300A6EF2F /* ViewController.swift */ = {isa = PBXFileReference; lastKnownFileType = sourcecode.swift; path = ViewController.swift; sourceTree = "<group>"; };
		D9A1A7DB2A4AB8C300A6EF2F /* Base */ = {isa = PBXFileReference; lastKnownFileType = file.storyboard; name = Base; path = Base.lproj/Main.storyboard; sourceTree = "<group>"; };
		D9A1A7DE2A4AB8C300A6EF2F /* fontCustom.xcdatamodel */ = {isa = PBXFileReference; lastKnownFileType = wrapper.xcdatamodel; path = fontCustom.xcdatamodel; sourceTree = "<group>"; };
		D9A1A7E02A4AB8C700A6EF2F /* Assets.xcassets */ = {isa = PBXFileReference; lastKnownFileType = folder.assetcatalog; path = Assets.xcassets; sourceTree = "<group>"; };
		D9A1A7E32A4AB8C700A6EF2F /* Base */ = {isa = PBXFileReference; lastKnownFileType = file.storyboard; name = Base; path = Base.lproj/LaunchScreen.storyboard; sourceTree = "<group>"; };
		D9A1A7E52A4AB8C700A6EF2F /* Info.plist */ = {isa = PBXFileReference; lastKnownFileType = text.plist.xml; path = Info.plist; sourceTree = "<group>"; };
		D9A1A7EA2A4AB8C800A6EF2F /* fontCustomTests.xctest */ = {isa = PBXFileReference; explicitFileType = wrapper.cfbundle; includeInIndex = 0; path = fontCustomTests.xctest; sourceTree = BUILT_PRODUCTS_DIR; };
		D9A1A7EE2A4AB8C800A6EF2F /* fontCustomTests.swift */ = {isa = PBXFileReference; lastKnownFileType = sourcecode.swift; path = fontCustomTests.swift; sourceTree = "<group>"; };
		D9A1A7F42A4AB8C800A6EF2F /* fontCustomUITests.xctest */ = {isa = PBXFileReference; explicitFileType = wrapper.cfbundle; includeInIndex = 0; path = fontCustomUITests.xctest; sourceTree = BUILT_PRODUCTS_DIR; };
		D9A1A7F82A4AB8C800A6EF2F /* fontCustomUITests.swift */ = {isa = PBXFileReference; lastKnownFileType = sourcecode.swift; path = fontCustomUITests.swift; sourceTree = "<group>"; };
		D9A1A7FA2A4AB8C800A6EF2F /* fontCustomUITestsLaunchTests.swift */ = {isa = PBXFileReference; lastKnownFileType = sourcecode.swift; path = fontCustomUITestsLaunchTests.swift; sourceTree = "<group>"; };
		D9A1A8082A4AC29F00A6EF2F /* MFJinHei_Noncommercial-Regular.ttf */ = {isa = PBXFileReference; lastKnownFileType = file; path = "MFJinHei_Noncommercial-Regular.ttf"; sourceTree = "<group>"; };
		D9A1A8092A4AC29F00A6EF2F /* MFTongXin_Noncommercial-Regular.ttf */ = {isa = PBXFileReference; lastKnownFileType = file; path = "MFTongXin_Noncommercial-Regular.ttf"; sourceTree = "<group>"; };
		D9A1A80A2A4AC2A000A6EF2F /* MFZhiHei_Noncommercial-Regular.ttf */ = {isa = PBXFileReference; lastKnownFileType = file; path = "MFZhiHei_Noncommercial-Regular.ttf"; sourceTree = "<group>"; };
		D9A1A80B2A4AC2A000A6EF2F /* Gaspar Regular.otf */ = {isa = PBXFileReference; lastKnownFileType = file; path = "Gaspar Regular.otf"; sourceTree = "<group>"; };
		D9A1A80C2A4AC2CA00A6EF2F /* BNJinx Regular.ttf */ = {isa = PBXFileReference; lastKnownFileType = file; path = "BNJinx Regular.ttf"; sourceTree = "<group>"; };
		D9A1A80D2A4AC2CA00A6EF2F /* Jingle Hamsters Regular.ttf */ = {isa = PBXFileReference; lastKnownFileType = file; path = "Jingle Hamsters Regular.ttf"; sourceTree = "<group>"; };
/* End PBXFileReference section */

/* Begin PBXFrameworksBuildPhase section */
		D9A1A7CE2A4AB8C300A6EF2F /* Frameworks */ = {
			isa = PBXFrameworksBuildPhase;
			buildActionMask = 2147483647;
			files = (
			);
			runOnlyForDeploymentPostprocessing = 0;
		};
		D9A1A7E72A4AB8C800A6EF2F /* Frameworks */ = {
			isa = PBXFrameworksBuildPhase;
			buildActionMask = 2147483647;
			files = (
			);
			runOnlyForDeploymentPostprocessing = 0;
		};
		D9A1A7F12A4AB8C800A6EF2F /* Frameworks */ = {
			isa = PBXFrameworksBuildPhase;
			buildActionMask = 2147483647;
			files = (
			);
			runOnlyForDeploymentPostprocessing = 0;
		};
/* End PBXFrameworksBuildPhase section */

/* Begin PBXGroup section */
		D9A1A7C82A4AB8C300A6EF2F = {
			isa = PBXGroup;
			children = (
				D9A1A7D32A4AB8C300A6EF2F /* fontCustom */,
				D9A1A7ED2A4AB8C800A6EF2F /* fontCustomTests */,
				D9A1A7F72A4AB8C800A6EF2F /* fontCustomUITests */,
				D9A1A7D22A4AB8C300A6EF2F /* Products */,
			);
			sourceTree = "<group>";
		};
		D9A1A7D22A4AB8C300A6EF2F /* Products */ = {
			isa = PBXGroup;
			children = (
				D9A1A7D12A4AB8C300A6EF2F /* fontCustom.app */,
				D9A1A7EA2A4AB8C800A6EF2F /* fontCustomTests.xctest */,
				D9A1A7F42A4AB8C800A6EF2F /* fontCustomUITests.xctest */,
			);
			name = Products;
			sourceTree = "<group>";
		};
		D9A1A7D32A4AB8C300A6EF2F /* fontCustom */ = {
			isa = PBXGroup;
			children = (
				D9A1A7D42A4AB8C300A6EF2F /* AppDelegate.swift */,
				D9A1A7D62A4AB8C300A6EF2F /* SceneDelegate.swift */,
				D9A1A7D82A4AB8C300A6EF2F /* ViewController.swift */,
				D9A1A8072A4AC27B00A6EF2F /* Font */,
				D9A1A7DA2A4AB8C300A6EF2F /* Main.storyboard */,
				D9A1A7E02A4AB8C700A6EF2F /* Assets.xcassets */,
				D9A1A7E22A4AB8C700A6EF2F /* LaunchScreen.storyboard */,
				D9A1A7E52A4AB8C700A6EF2F /* Info.plist */,
				D9A1A7DD2A4AB8C300A6EF2F /* fontCustom.xcdatamodeld */,
			);
			path = fontCustom;
			sourceTree = "<group>";
		};
		D9A1A7ED2A4AB8C800A6EF2F /* fontCustomTests */ = {
			isa = PBXGroup;
			children = (
				D9A1A7EE2A4AB8C800A6EF2F /* fontCustomTests.swift */,
			);
			path = fontCustomTests;
			sourceTree = "<group>";
		};
		D9A1A7F72A4AB8C800A6EF2F /* fontCustomUITests */ = {
			isa = PBXGroup;
			children = (
				D9A1A7F82A4AB8C800A6EF2F /* fontCustomUITests.swift */,
				D9A1A7FA2A4AB8C800A6EF2F /* fontCustomUITestsLaunchTests.swift */,
			);
			path = fontCustomUITests;
			sourceTree = "<group>";
		};
		D9A1A8072A4AC27B00A6EF2F /* Font */ = {
			isa = PBXGroup;
			children = (
				D9A1A80C2A4AC2CA00A6EF2F /* BNJinx Regular.ttf */,
				D9A1A80D2A4AC2CA00A6EF2F /* Jingle Hamsters Regular.ttf */,
				D9A1A80B2A4AC2A000A6EF2F /* Gaspar Regular.otf */,
				D9A1A8082A4AC29F00A6EF2F /* MFJinHei_Noncommercial-Regular.ttf */,
				D9A1A8092A4AC29F00A6EF2F /* MFTongXin_Noncommercial-Regular.ttf */,
				D9A1A80A2A4AC2A000A6EF2F /* MFZhiHei_Noncommercial-Regular.ttf */,
			);
			path = Font;
			sourceTree = "<group>";
		};
/* End PBXGroup section */

/* Begin PBXNativeTarget section */
		D9A1A7D02A4AB8C300A6EF2F /* fontCustom */ = {
			isa = PBXNativeTarget;
			buildConfigurationList = D9A1A7FE2A4AB8C800A6EF2F /* Build configuration list for PBXNativeTarget "fontCustom" */;
			buildPhases = (
				D9A1A7CD2A4AB8C300A6EF2F /* Sources */,
				D9A1A7CE2A4AB8C300A6EF2F /* Frameworks */,
				D9A1A7CF2A4AB8C300A6EF2F /* Resources */,
			);
			buildRules = (
			);
			dependencies = (
			);
			name = fontCustom;
			productName = fontCustom;
			productReference = D9A1A7D12A4AB8C300A6EF2F /* fontCustom.app */;
			productType = "com.apple.product-type.application";
		};
		D9A1A7E92A4AB8C800A6EF2F /* fontCustomTests */ = {
			isa = PBXNativeTarget;
			buildConfigurationList = D9A1A8012A4AB8C800A6EF2F /* Build configuration list for PBXNativeTarget "fontCustomTests" */;
			buildPhases = (
				D9A1A7E62A4AB8C800A6EF2F /* Sources */,
				D9A1A7E72A4AB8C800A6EF2F /* Frameworks */,
				D9A1A7E82A4AB8C800A6EF2F /* Resources */,
			);
			buildRules = (
			);
			dependencies = (
				D9A1A7EC2A4AB8C800A6EF2F /* PBXTargetDependency */,
			);
			name = fontCustomTests;
			productName = fontCustomTests;
			productReference = D9A1A7EA2A4AB8C800A6EF2F /* fontCustomTests.xctest */;
			productType = "com.apple.product-type.bundle.unit-test";
		};
		D9A1A7F32A4AB8C800A6EF2F /* fontCustomUITests */ = {
			isa = PBXNativeTarget;
			buildConfigurationList = D9A1A8042A4AB8C800A6EF2F /* Build configuration list for PBXNativeTarget "fontCustomUITests" */;
			buildPhases = (
				D9A1A7F02A4AB8C800A6EF2F /* Sources */,
				D9A1A7F12A4AB8C800A6EF2F /* Frameworks */,
				D9A1A7F22A4AB8C800A6EF2F /* Resources */,
			);
			buildRules = (
			);
			dependencies = (
				D9A1A7F62A4AB8C800A6EF2F /* PBXTargetDependency */,
			);
			name = fontCustomUITests;
			productName = fontCustomUITests;
			productReference = D9A1A7F42A4AB8C800A6EF2F /* fontCustomUITests.xctest */;
			productType = "com.apple.product-type.bundle.ui-testing";
		};
/* End PBXNativeTarget section */

/* Begin PBXProject section */
		D9A1A7C92A4AB8C300A6EF2F /* Project object */ = {
			isa = PBXProject;
			attributes = {
				BuildIndependentTargetsInParallel = 1;
				LastSwiftUpdateCheck = 1420;
				LastUpgradeCheck = 1420;
				TargetAttributes = {
					D9A1A7D02A4AB8C300A6EF2F = {
						CreatedOnToolsVersion = 14.2;
					};
					D9A1A7E92A4AB8C800A6EF2F = {
						CreatedOnToolsVersion = 14.2;
						TestTargetID = D9A1A7D02A4AB8C300A6EF2F;
					};
					D9A1A7F32A4AB8C800A6EF2F = {
						CreatedOnToolsVersion = 14.2;
						TestTargetID = D9A1A7D02A4AB8C300A6EF2F;
					};
				};
			};
			buildConfigurationList = D9A1A7CC2A4AB8C300A6EF2F /* Build configuration list for PBXProject "fontCustom" */;
			compatibilityVersion = "Xcode 14.0";
			developmentRegion = en;
			hasScannedForEncodings = 0;
			knownRegions = (
				en,
				Base,
			);
			mainGroup = D9A1A7C82A4AB8C300A6EF2F;
			productRefGroup = D9A1A7D22A4AB8C300A6EF2F /* Products */;
			projectDirPath = "";
			projectRoot = "";
			targets = (
				D9A1A7D02A4AB8C300A6EF2F /* fontCustom */,
				D9A1A7E92A4AB8C800A6EF2F /* fontCustomTests */,
				D9A1A7F32A4AB8C800A6EF2F /* fontCustomUITests */,
			);
		};
/* End PBXProject section */

/* Begin PBXResourcesBuildPhase section */
		D9A1A7CF2A4AB8C300A6EF2F /* Resources */ = {
			isa = PBXResourcesBuildPhase;
			buildActionMask = 2147483647;
			files = (
				D9A1A7E42A4AB8C700A6EF2F /* LaunchScreen.storyboard in Resources */,
				D9A1A7E12A4AB8C700A6EF2F /* Assets.xcassets in Resources */,
				D9A1A7DC2A4AB8C300A6EF2F /* Main.storyboard in Resources */,
			);
			runOnlyForDeploymentPostprocessing = 0;
		};
		D9A1A7E82A4AB8C800A6EF2F /* Resources */ = {
			isa = PBXResourcesBuildPhase;
			buildActionMask = 2147483647;
			files = (
			);
			runOnlyForDeploymentPostprocessing = 0;
		};
		D9A1A7F22A4AB8C800A6EF2F /* Resources */ = {
			isa = PBXResourcesBuildPhase;
			buildActionMask = 2147483647;
			files = (
			);
			runOnlyForDeploymentPostprocessing = 0;
		};
/* End PBXResourcesBuildPhase section */

/* Begin PBXSourcesBuildPhase section */
		D9A1A7CD2A4AB8C300A6EF2F /* Sources */ = {
			isa = PBXSourcesBuildPhase;
			buildActionMask = 2147483647;
			files = (
				D9A1A7D92A4AB8C300A6EF2F /* ViewController.swift in Sources */,
				D9A1A7DF2A4AB8C300A6EF2F /* fontCustom.xcdatamodeld in Sources */,
				D9A1A7D52A4AB8C300A6EF2F /* AppDelegate.swift in Sources */,
				D9A1A7D72A4AB8C300A6EF2F /* SceneDelegate.swift in Sources */,
			);
			runOnlyForDeploymentPostprocessing = 0;
		};
		D9A1A7E62A4AB8C800A6EF2F /* Sources */ = {
			isa = PBXSourcesBuildPhase;
			buildActionMask = 2147483647;
			files = (
				D9A1A7EF2A4AB8C800A6EF2F /* fontCustomTests.swift in Sources */,
			);
			runOnlyForDeploymentPostprocessing = 0;
		};
		D9A1A7F02A4AB8C800A6EF2F /* Sources */ = {
			isa = PBXSourcesBuildPhase;
			buildActionMask = 2147483647;
			files = (
				D9A1A7FB2A4AB8C800A6EF2F /* fontCustomUITestsLaunchTests.swift in Sources */,
				D9A1A7F92A4AB8C800A6EF2F /* fontCustomUITests.swift in Sources */,
			);
			runOnlyForDeploymentPostprocessing = 0;
		};
/* End PBXSourcesBuildPhase section */

/* Begin PBXTargetDependency section */
		D9A1A7EC2A4AB8C800A6EF2F /* PBXTargetDependency */ = {
			isa = PBXTargetDependency;
			target = D9A1A7D02A4AB8C300A6EF2F /* fontCustom */;
			targetProxy = D9A1A7EB2A4AB8C800A6EF2F /* PBXContainerItemProxy */;
		};
		D9A1A7F62A4AB8C800A6EF2F /* PBXTargetDependency */ = {
			isa = PBXTargetDependency;
			target = D9A1A7D02A4AB8C300A6EF2F /* fontCustom */;
			targetProxy = D9A1A7F52A4AB8C800A6EF2F /* PBXContainerItemProxy */;
		};
/* End PBXTargetDependency section */

/* Begin PBXVariantGroup section */
		D9A1A7DA2A4AB8C300A6EF2F /* Main.storyboard */ = {
			isa = PBXVariantGroup;
			children = (
				D9A1A7DB2A4AB8C300A6EF2F /* Base */,
			);
			name = Main.storyboard;
			sourceTree = "<group>";
		};
		D9A1A7E22A4AB8C700A6EF2F /* LaunchScreen.storyboard */ = {
			isa = PBXVariantGroup;
			children = (
				D9A1A7E32A4AB8C700A6EF2F /* Base */,
			);
			name = LaunchScreen.storyboard;
			sourceTree = "<group>";
		};
/* End PBXVariantGroup section */

/* Begin XCBuildConfiguration section */
		D9A1A7FC2A4AB8C800A6EF2F /* Debug */ = {
			isa = XCBuildConfiguration;
			buildSettings = {
				ALWAYS_SEARCH_USER_PATHS = NO;
				CLANG_ANALYZER_NONNULL = YES;
				CLANG_ANALYZER_NUMBER_OBJECT_CONVERSION = YES_AGGRESSIVE;
				CLANG_CXX_LANGUAGE_STANDARD = "gnu++20";
				CLANG_ENABLE_MODULES = YES;
				CLANG_ENABLE_OBJC_ARC = YES;
				CLANG_ENABLE_OBJC_WEAK = YES;
				CLANG_WARN_BLOCK_CAPTURE_AUTORELEASING = YES;
				CLANG_WARN_BOOL_CONVERSION = YES;
				CLANG_WARN_COMMA = YES;
				CLANG_WARN_CONSTANT_CONVERSION = YES;
				CLANG_WARN_DEPRECATED_OBJC_IMPLEMENTATIONS = YES;
				CLANG_WARN_DIRECT_OBJC_ISA_USAGE = YES_ERROR;
				CLANG_WARN_DOCUMENTATION_COMMENTS = YES;
				CLANG_WARN_EMPTY_BODY = YES;
				CLANG_WARN_ENUM_CONVERSION = YES;
				CLANG_WARN_INFINITE_RECURSION = YES;
				CLANG_WARN_INT_CONVERSION = YES;
				CLANG_WARN_NON_LITERAL_NULL_CONVERSION = YES;
				CLANG_WARN_OBJC_IMPLICIT_RETAIN_SELF = YES;
				CLANG_WARN_OBJC_LITERAL_CONVERSION = YES;
				CLANG_WARN_OBJC_ROOT_CLASS = YES_ERROR;
				CLANG_WARN_QUOTED_INCLUDE_IN_FRAMEWORK_HEADER = YES;
				CLANG_WARN_RANGE_LOOP_ANALYSIS = YES;
				CLANG_WARN_STRICT_PROTOTYPES = YES;
				CLANG_WARN_SUSPICIOUS_MOVE = YES;
				CLANG_WARN_UNGUARDED_AVAILABILITY = YES_AGGRESSIVE;
				CLANG_WARN_UNREACHABLE_CODE = YES;
				CLANG_WARN__DUPLICATE_METHOD_MATCH = YES;
				COPY_PHASE_STRIP = NO;
				DEBUG_INFORMATION_FORMAT = dwarf;
				ENABLE_STRICT_OBJC_MSGSEND = YES;
				ENABLE_TESTABILITY = YES;
				GCC_C_LANGUAGE_STANDARD = gnu11;
				GCC_DYNAMIC_NO_PIC = NO;
				GCC_NO_COMMON_BLOCKS = YES;
				GCC_OPTIMIZATION_LEVEL = 0;
				GCC_PREPROCESSOR_DEFINITIONS = (
					"DEBUG=1",
					"$(inherited)",
				);
				GCC_WARN_64_TO_32_BIT_CONVERSION = YES;
				GCC_WARN_ABOUT_RETURN_TYPE = YES_ERROR;
				GCC_WARN_UNDECLARED_SELECTOR = YES;
				GCC_WARN_UNINITIALIZED_AUTOS = YES_AGGRESSIVE;
				GCC_WARN_UNUSED_FUNCTION = YES;
				GCC_WARN_UNUSED_VARIABLE = YES;
				IPHONEOS_DEPLOYMENT_TARGET = 16.2;
				MTL_ENABLE_DEBUG_INFO = INCLUDE_SOURCE;
				MTL_FAST_MATH = YES;
				ONLY_ACTIVE_ARCH = YES;
				SDKROOT = iphoneos;
				SWIFT_ACTIVE_COMPILATION_CONDITIONS = DEBUG;
				SWIFT_OPTIMIZATION_LEVEL = "-Onone";
			};
			name = Debug;
		};
		D9A1A7FD2A4AB8C800A6EF2F /* Release */ = {
			isa = XCBuildConfiguration;
			buildSettings = {
				ALWAYS_SEARCH_USER_PATHS = NO;
				CLANG_ANALYZER_NONNULL = YES;
				CLANG_ANALYZER_NUMBER_OBJECT_CONVERSION = YES_AGGRESSIVE;
				CLANG_CXX_LANGUAGE_STANDARD = "gnu++20";
				CLANG_ENABLE_MODULES = YES;
				CLANG_ENABLE_OBJC_ARC = YES;
				CLANG_ENABLE_OBJC_WEAK = YES;
				CLANG_WARN_BLOCK_CAPTURE_AUTORELEASING = YES;
				CLANG_WARN_BOOL_CONVERSION = YES;
				CLANG_WARN_COMMA = YES;
				CLANG_WARN_CONSTANT_CONVERSION = YES;
				CLANG_WARN_DEPRECATED_OBJC_IMPLEMENTATIONS = YES;
				CLANG_WARN_DIRECT_OBJC_ISA_USAGE = YES_ERROR;
				CLANG_WARN_DOCUMENTATION_COMMENTS = YES;
				CLANG_WARN_EMPTY_BODY = YES;
				CLANG_WARN_ENUM_CONVERSION = YES;
				CLANG_WARN_INFINITE_RECURSION = YES;
				CLANG_WARN_INT_CONVERSION = YES;
				CLANG_WARN_NON_LITERAL_NULL_CONVERSION = YES;
				CLANG_WARN_OBJC_IMPLICIT_RETAIN_SELF = YES;
				CLANG_WARN_OBJC_LITERAL_CONVERSION = YES;
				CLANG_WARN_OBJC_ROOT_CLASS = YES_ERROR;
				CLANG_WARN_QUOTED_INCLUDE_IN_FRAMEWORK_HEADER = YES;
				CLANG_WARN_RANGE_LOOP_ANALYSIS = YES;
				CLANG_WARN_STRICT_PROTOTYPES = YES;
				CLANG_WARN_SUSPICIOUS_MOVE = YES;
				CLANG_WARN_UNGUARDED_AVAILABILITY = YES_AGGRESSIVE;
				CLANG_WARN_UNREACHABLE_CODE = YES;
				CLANG_WARN__DUPLICATE_METHOD_MATCH = YES;
				COPY_PHASE_STRIP = NO;
				DEBUG_INFORMATION_FORMAT = "dwarf-with-dsym";
				ENABLE_NS_ASSERTIONS = NO;
				ENABLE_STRICT_OBJC_MSGSEND = YES;
				GCC_C_LANGUAGE_STANDARD = gnu11;
				GCC_NO_COMMON_BLOCKS = YES;
				GCC_WARN_64_TO_32_BIT_CONVERSION = YES;
				GCC_WARN_ABOUT_RETURN_TYPE = YES_ERROR;
				GCC_WARN_UNDECLARED_SELECTOR = YES;
				GCC_WARN_UNINITIALIZED_AUTOS = YES_AGGRESSIVE;
				GCC_WARN_UNUSED_FUNCTION = YES;
				GCC_WARN_UNUSED_VARIABLE = YES;
				IPHONEOS_DEPLOYMENT_TARGET = 16.2;
				MTL_ENABLE_DEBUG_INFO = NO;
				MTL_FAST_MATH = YES;
				SDKROOT = iphoneos;
				SWIFT_COMPILATION_MODE = wholemodule;
				SWIFT_OPTIMIZATION_LEVEL = "-O";
				VALIDATE_PRODUCT = YES;
			};
			name = Release;
		};
		D9A1A7FF2A4AB8C800A6EF2F /* Debug */ = {
			isa = XCBuildConfiguration;
			buildSettings = {
				ASSETCATALOG_COMPILER_APPICON_NAME = AppIcon;
				ASSETCATALOG_COMPILER_GLOBAL_ACCENT_COLOR_NAME = AccentColor;
				CODE_SIGN_STYLE = Automatic;
				CURRENT_PROJECT_VERSION = 1;
				GENERATE_INFOPLIST_FILE = YES;
				INFOPLIST_FILE = fontCustom/Info.plist;
				INFOPLIST_KEY_UIApplicationSupportsIndirectInputEvents = YES;
				INFOPLIST_KEY_UILaunchStoryboardName = LaunchScreen;
				INFOPLIST_KEY_UIMainStoryboardFile = Main;
				INFOPLIST_KEY_UISupportedInterfaceOrientations_iPad = "UIInterfaceOrientationPortrait UIInterfaceOrientationPortraitUpsideDown UIInterfaceOrientationLandscapeLeft UIInterfaceOrientationLandscapeRight";
				INFOPLIST_KEY_UISupportedInterfaceOrientations_iPhone = "UIInterfaceOrientationPortrait UIInterfaceOrientationLandscapeLeft UIInterfaceOrientationLandscapeRight";
				LD_RUNPATH_SEARCH_PATHS = (
					"$(inherited)",
					"@executable_path/Frameworks",
				);
				MARKETING_VERSION = 1.0;
				PRODUCT_BUNDLE_IDENTIFIER = imc.fontCustom;
				PRODUCT_NAME = "$(TARGET_NAME)";
				SWIFT_EMIT_LOC_STRINGS = YES;
				SWIFT_VERSION = 5.0;
				TARGETED_DEVICE_FAMILY = "1,2";
			};
			name = Debug;
		};
		D9A1A8002A4AB8C800A6EF2F /* Release */ = {
			isa = XCBuildConfiguration;
			buildSettings = {
				ASSETCATALOG_COMPILER_APPICON_NAME = AppIcon;
				ASSETCATALOG_COMPILER_GLOBAL_ACCENT_COLOR_NAME = AccentColor;
				CODE_SIGN_STYLE = Automatic;
				CURRENT_PROJECT_VERSION = 1;
				GENERATE_INFOPLIST_FILE = YES;
				INFOPLIST_FILE = fontCustom/Info.plist;
				INFOPLIST_KEY_UIApplicationSupportsIndirectInputEvents = YES;
				INFOPLIST_KEY_UILaunchStoryboardName = LaunchScreen;
				INFOPLIST_KEY_UIMainStoryboardFile = Main;
				INFOPLIST_KEY_UISupportedInterfaceOrientations_iPad = "UIInterfaceOrientationPortrait UIInterfaceOrientationPortraitUpsideDown UIInterfaceOrientationLandscapeLeft UIInterfaceOrientationLandscapeRight";
				INFOPLIST_KEY_UISupportedInterfaceOrientations_iPhone = "UIInterfaceOrientationPortrait UIInterfaceOrientationLandscapeLeft UIInterfaceOrientationLandscapeRight";
				LD_RUNPATH_SEARCH_PATHS = (
					"$(inherited)",
					"@executable_path/Frameworks",
				);
				MARKETING_VERSION = 1.0;
				PRODUCT_BUNDLE_IDENTIFIER = imc.fontCustom;
				PRODUCT_NAME = "$(TARGET_NAME)";
				SWIFT_EMIT_LOC_STRINGS = YES;
				SWIFT_VERSION = 5.0;
				TARGETED_DEVICE_FAMILY = "1,2";
			};
			name = Release;
		};
		D9A1A8022A4AB8C800A6EF2F /* Debug */ = {
			isa = XCBuildConfiguration;
			buildSettings = {
				ALWAYS_EMBED_SWIFT_STANDARD_LIBRARIES = YES;
				BUNDLE_LOADER = "$(TEST_HOST)";
				CODE_SIGN_STYLE = Automatic;
				CURRENT_PROJECT_VERSION = 1;
				GENERATE_INFOPLIST_FILE = YES;
				IPHONEOS_DEPLOYMENT_TARGET = 16.2;
				MARKETING_VERSION = 1.0;
				PRODUCT_BUNDLE_IDENTIFIER = imc.fontCustomTests;
				PRODUCT_NAME = "$(TARGET_NAME)";
				SWIFT_EMIT_LOC_STRINGS = NO;
				SWIFT_VERSION = 5.0;
				TARGETED_DEVICE_FAMILY = "1,2";
				TEST_HOST = "$(BUILT_PRODUCTS_DIR)/fontCustom.app/$(BUNDLE_EXECUTABLE_FOLDER_PATH)/fontCustom";
			};
			name = Debug;
		};
		D9A1A8032A4AB8C800A6EF2F /* Release */ = {
			isa = XCBuildConfiguration;
			buildSettings = {
				ALWAYS_EMBED_SWIFT_STANDARD_LIBRARIES = YES;
				BUNDLE_LOADER = "$(TEST_HOST)";
				CODE_SIGN_STYLE = Automatic;
				CURRENT_PROJECT_VERSION = 1;
				GENERATE_INFOPLIST_FILE = YES;
				IPHONEOS_DEPLOYMENT_TARGET = 16.2;
				MARKETING_VERSION = 1.0;
				PRODUCT_BUNDLE_IDENTIFIER = imc.fontCustomTests;
				PRODUCT_NAME = "$(TARGET_NAME)";
				SWIFT_EMIT_LOC_STRINGS = NO;
				SWIFT_VERSION = 5.0;
				TARGETED_DEVICE_FAMILY = "1,2";
				TEST_HOST = "$(BUILT_PRODUCTS_DIR)/fontCustom.app/$(BUNDLE_EXECUTABLE_FOLDER_PATH)/fontCustom";
			};
			name = Release;
		};
		D9A1A8052A4AB8C800A6EF2F /* Debug */ = {
			isa = XCBuildConfiguration;
			buildSettings = {
				ALWAYS_EMBED_SWIFT_STANDARD_LIBRARIES = YES;
				CODE_SIGN_STYLE = Automatic;
				CURRENT_PROJECT_VERSION = 1;
				GENERATE_INFOPLIST_FILE = YES;
				MARKETING_VERSION = 1.0;
				PRODUCT_BUNDLE_IDENTIFIER = imc.fontCustomUITests;
				PRODUCT_NAME = "$(TARGET_NAME)";
				SWIFT_EMIT_LOC_STRINGS = NO;
				SWIFT_VERSION = 5.0;
				TARGETED_DEVICE_FAMILY = "1,2";
				TEST_TARGET_NAME = fontCustom;
			};
			name = Debug;
		};
		D9A1A8062A4AB8C800A6EF2F /* Release */ = {
			isa = XCBuildConfiguration;
			buildSettings = {
				ALWAYS_EMBED_SWIFT_STANDARD_LIBRARIES = YES;
				CODE_SIGN_STYLE = Automatic;
				CURRENT_PROJECT_VERSION = 1;
				GENERATE_INFOPLIST_FILE = YES;
				MARKETING_VERSION = 1.0;
				PRODUCT_BUNDLE_IDENTIFIER = imc.fontCustomUITests;
				PRODUCT_NAME = "$(TARGET_NAME)";
				SWIFT_EMIT_LOC_STRINGS = NO;
				SWIFT_VERSION = 5.0;
				TARGETED_DEVICE_FAMILY = "1,2";
				TEST_TARGET_NAME = fontCustom;
			};
			name = Release;
		};
/* End XCBuildConfiguration section */

/* Begin XCConfigurationList section */
		D9A1A7CC2A4AB8C300A6EF2F /* Build configuration list for PBXProject "fontCustom" */ = {
			isa = XCConfigurationList;
			buildConfigurations = (
				D9A1A7FC2A4AB8C800A6EF2F /* Debug */,
				D9A1A7FD2A4AB8C800A6EF2F /* Release */,
			);
			defaultConfigurationIsVisible = 0;
			defaultConfigurationName = Release;
		};
		D9A1A7FE2A4AB8C800A6EF2F /* Build configuration list for PBXNativeTarget "fontCustom" */ = {
			isa = XCConfigurationList;
			buildConfigurations = (
				D9A1A7FF2A4AB8C800A6EF2F /* Debug */,
				D9A1A8002A4AB8C800A6EF2F /* Release */,
			);
			defaultConfigurationIsVisible = 0;
			defaultConfigurationName = Release;
		};
		D9A1A8012A4AB8C800A6EF2F /* Build configuration list for PBXNativeTarget "fontCustomTests" */ = {
			isa = XCConfigurationList;
			buildConfigurations = (
				D9A1A8022A4AB8C800A6EF2F /* Debug */,
				D9A1A8032A4AB8C800A6EF2F /* Release */,
			);
			defaultConfigurationIsVisible = 0;
			defaultConfigurationName = Release;
		};
		D9A1A8042A4AB8C800A6EF2F /* Build configuration list for PBXNativeTarget "fontCustomUITests" */ = {
			isa = XCConfigurationList;
			buildConfigurations = (
				D9A1A8052A4AB8C800A6EF2F /* Debug */,
				D9A1A8062A4AB8C800A6EF2F /* Release */,
			);
			defaultConfigurationIsVisible = 0;
			defaultConfigurationName = Release;
		};
/* End XCConfigurationList section */

/* Begin XCVersionGroup section */
		D9A1A7DD2A4AB8C300A6EF2F /* fontCustom.xcdatamodeld */ = {
			isa = XCVersionGroup;
			children = (
				D9A1A7DE2A4AB8C300A6EF2F /* fontCustom.xcdatamodel */,
			);
			currentVersion = D9A1A7DE2A4AB8C300A6EF2F /* fontCustom.xcdatamodel */;
			path = fontCustom.xcdatamodeld;
			sourceTree = "<group>";
			versionGroupType = wrapper.xcdatamodel;
		};
/* End XCVersionGroup section */
	};
	rootObject = D9A1A7C92A4AB8C300A6EF2F /* Project object */;
}
